// !$*UTF8*$!
{
	archiveVersion = 1;
	classes = {
	};
	objectVersion = 46;
	objects = {

/* Begin PBXBuildFile section */
		A093BD8E1EC2F3F20014CE31 /* main.m in Sources */ = {isa = PBXBuildFile; fileRef = A093BD8D1EC2F3F20014CE31 /* main.m */; };
		A093BD911EC2F3F20014CE31 /* AppDelegate.m in Sources */ = {isa = PBXBuildFile; fileRef = A093BD901EC2F3F20014CE31 /* AppDelegate.m */; };
		A093BD971EC2F3F20014CE31 /* Main.storyboard in Resources */ = {isa = PBXBuildFile; fileRef = A093BD951EC2F3F20014CE31 /* Main.storyboard */; };
		A093BD991EC2F3F20014CE31 /* Assets.xcassets in Resources */ = {isa = PBXBuildFile; fileRef = A093BD981EC2F3F20014CE31 /* Assets.xcassets */; };
		A093BD9C1EC2F3F20014CE31 /* LaunchScreen.storyboard in Resources */ = {isa = PBXBuildFile; fileRef = A093BD9A1EC2F3F20014CE31 /* LaunchScreen.storyboard */; };
		A093BDA61EC2F4610014CE31 /* YLActionContext.m in Sources */ = {isa = PBXBuildFile; fileRef = A093BDA51EC2F4610014CE31 /* YLActionContext.m */; };
		A093BDAC1EC2FBCB0014CE31 /* ViewController.m in Sources */ = {isa = PBXBuildFile; fileRef = A093BDAB1EC2FBCB0014CE31 /* ViewController.m */; };
		A093BDAF1EC2FE550014CE31 /* YLView.m in Sources */ = {isa = PBXBuildFile; fileRef = A093BDAE1EC2FE550014CE31 /* YLView.m */; };
		A093BDB21EC2FE600014CE31 /* YLSubView.m in Sources */ = {isa = PBXBuildFile; fileRef = A093BDB11EC2FE600014CE31 /* YLSubView.m */; };
/* End PBXBuildFile section */

/* Begin PBXFileReference section */
		A093BD891EC2F3F20014CE31 /* YLActionContextDemo.app */ = {isa = PBXFileReference; explicitFileType = wrapper.application; includeInIndex = 0; path = YLActionContextDemo.app; sourceTree = BUILT_PRODUCTS_DIR; };
		A093BD8D1EC2F3F20014CE31 /* main.m */ = {isa = PBXFileReference; lastKnownFileType = sourcecode.c.objc; path = main.m; sourceTree = "<group>"; };
		A093BD8F1EC2F3F20014CE31 /* AppDelegate.h */ = {isa = PBXFileReference; lastKnownFileType = sourcecode.c.h; path = AppDelegate.h; sourceTree = "<group>"; };
		A093BD901EC2F3F20014CE31 /* AppDelegate.m */ = {isa = PBXFileReference; lastKnownFileType = sourcecode.c.objc; path = AppDelegate.m; sourceTree = "<group>"; };
		A093BD961EC2F3F20014CE31 /* Base */ = {isa = PBXFileReference; lastKnownFileType = file.storyboard; name = Base; path = Base.lproj/Main.storyboard; sourceTree = "<group>"; };
		A093BD981EC2F3F20014CE31 /* Assets.xcassets */ = {isa = PBXFileReference; lastKnownFileType = folder.assetcatalog; path = Assets.xcassets; sourceTree = "<group>"; };
		A093BD9B1EC2F3F20014CE31 /* Base */ = {isa = PBXFileReference; lastKnownFileType = file.storyboard; name = Base; path = Base.lproj/LaunchScreen.storyboard; sourceTree = "<group>"; };
		A093BD9D1EC2F3F20014CE31 /* Info.plist */ = {isa = PBXFileReference; lastKnownFileType = text.plist.xml; path = Info.plist; sourceTree = "<group>"; };
		A093BDA41EC2F4610014CE31 /* YLActionContext.h */ = {isa = PBXFileReference; fileEncoding = 4; lastKnownFileType = sourcecode.c.h; path = YLActionContext.h; sourceTree = "<group>"; };
		A093BDA51EC2F4610014CE31 /* YLActionContext.m */ = {isa = PBXFileReference; fileEncoding = 4; lastKnownFileType = sourcecode.c.objc; path = YLActionContext.m; sourceTree = "<group>"; };
		A093BDA91EC2FA960014CE31 /* PrefixHeader.pch */ = {isa = PBXFileReference; lastKnownFileType = sourcecode.c.h; path = PrefixHeader.pch; sourceTree = "<group>"; };
		A093BDAA1EC2FBCB0014CE31 /* ViewController.h */ = {isa = PBXFileReference; fileEncoding = 4; lastKnownFileType = sourcecode.c.h; path = ViewController.h; sourceTree = "<group>"; };
		A093BDAB1EC2FBCB0014CE31 /* ViewController.m */ = {isa = PBXFileReference; fileEncoding = 4; lastKnownFileType = sourcecode.c.objc; path = ViewController.m; sourceTree = "<group>"; };
		A093BDAD1EC2FE550014CE31 /* YLView.h */ = {isa = PBXFileReference; fileEncoding = 4; lastKnownFileType = sourcecode.c.h; path = YLView.h; sourceTree = "<group>"; };
		A093BDAE1EC2FE550014CE31 /* YLView.m */ = {isa = PBXFileReference; fileEncoding = 4; lastKnownFileType = sourcecode.c.objc; path = YLView.m; sourceTree = "<group>"; };
		A093BDB01EC2FE600014CE31 /* YLSubView.h */ = {isa = PBXFileReference; fileEncoding = 4; lastKnownFileType = sourcecode.c.h; path = YLSubView.h; sourceTree = "<group>"; };
		A093BDB11EC2FE600014CE31 /* YLSubView.m */ = {isa = PBXFileReference; fileEncoding = 4; lastKnownFileType = sourcecode.c.objc; path = YLSubView.m; sourceTree = "<group>"; };
		A093BDB41EC303CA0014CE31 /* YLActionConfig.h */ = {isa = PBXFileReference; lastKnownFileType = sourcecode.c.h; path = YLActionConfig.h; sourceTree = "<group>"; };
/* End PBXFileReference section */

/* Begin PBXFrameworksBuildPhase section */
		A093BD861EC2F3F20014CE31 /* Frameworks */ = {
			isa = PBXFrameworksBuildPhase;
			buildActionMask = 2147483647;
			files = (
			);
			runOnlyForDeploymentPostprocessing = 0;
		};
/* End PBXFrameworksBuildPhase section */

/* Begin PBXGroup section */
		A093BD801EC2F3F20014CE31 = {
			isa = PBXGroup;
			children = (
				A093BDA31EC2F4130014CE31 /* YLActionContext */,
				A093BD8B1EC2F3F20014CE31 /* YLActionContextDemo */,
				A093BD8A1EC2F3F20014CE31 /* Products */,
			);
			sourceTree = "<group>";
		};
		A093BD8A1EC2F3F20014CE31 /* Products */ = {
			isa = PBXGroup;
			children = (
				A093BD891EC2F3F20014CE31 /* YLActionContextDemo.app */,
			);
			name = Products;
			sourceTree = "<group>";
		};
		A093BD8B1EC2F3F20014CE31 /* YLActionContextDemo */ = {
			isa = PBXGroup;
			children = (
				A093BDB31EC3039B0014CE31 /* Config */,
				A093BDA71EC2FA3B0014CE31 /* Classes */,
				A093BD8F1EC2F3F20014CE31 /* AppDelegate.h */,
				A093BD901EC2F3F20014CE31 /* AppDelegate.m */,
				A093BD8C1EC2F3F20014CE31 /* Supporting Files */,
			);
			path = YLActionContextDemo;
			sourceTree = "<group>";
		};
		A093BD8C1EC2F3F20014CE31 /* Supporting Files */ = {
			isa = PBXGroup;
			children = (
				A093BD951EC2F3F20014CE31 /* Main.storyboard */,
				A093BD981EC2F3F20014CE31 /* Assets.xcassets */,
				A093BD9A1EC2F3F20014CE31 /* LaunchScreen.storyboard */,
				A093BD9D1EC2F3F20014CE31 /* Info.plist */,
				A093BD8D1EC2F3F20014CE31 /* main.m */,
				A093BDA91EC2FA960014CE31 /* PrefixHeader.pch */,
			);
			name = "Supporting Files";
			sourceTree = "<group>";
		};
		A093BDA31EC2F4130014CE31 /* YLActionContext */ = {
			isa = PBXGroup;
			children = (
				A093BDA41EC2F4610014CE31 /* YLActionContext.h */,
				A093BDA51EC2F4610014CE31 /* YLActionContext.m */,
			);
			path = YLActionContext;
			sourceTree = "<group>";
		};
		A093BDA71EC2FA3B0014CE31 /* Classes */ = {
			isa = PBXGroup;
			children = (
				A093BDAA1EC2FBCB0014CE31 /* ViewController.h */,
				A093BDAB1EC2FBCB0014CE31 /* ViewController.m */,
				A093BDAD1EC2FE550014CE31 /* YLView.h */,
				A093BDAE1EC2FE550014CE31 /* YLView.m */,
				A093BDB01EC2FE600014CE31 /* YLSubView.h */,
				A093BDB11EC2FE600014CE31 /* YLSubView.m */,
			);
			path = Classes;
			sourceTree = "<group>";
		};
		A093BDB31EC3039B0014CE31 /* Config */ = {
			isa = PBXGroup;
			children = (
				A093BDB41EC303CA0014CE31 /* YLActionConfig.h */,
			);
			path = Config;
			sourceTree = "<group>";
		};
/* End PBXGroup section */

/* Begin PBXNativeTarget section */
		A093BD881EC2F3F20014CE31 /* YLActionContextDemo */ = {
			isa = PBXNativeTarget;
			buildConfigurationList = A093BDA01EC2F3F20014CE31 /* Build configuration list for PBXNativeTarget "YLActionContextDemo" */;
			buildPhases = (
				A093BD851EC2F3F20014CE31 /* Sources */,
				A093BD861EC2F3F20014CE31 /* Frameworks */,
				A093BD871EC2F3F20014CE31 /* Resources */,
			);
			buildRules = (
			);
			dependencies = (
			);
			name = YLActionContextDemo;
			productName = YLActionContextDemo;
			productReference = A093BD891EC2F3F20014CE31 /* YLActionContextDemo.app */;
			productType = "com.apple.product-type.application";
		};
/* End PBXNativeTarget section */

/* Begin PBXProject section */
		A093BD811EC2F3F20014CE31 /* Project object */ = {
			isa = PBXProject;
			attributes = {
				CLASSPREFIX = YL;
				LastUpgradeCheck = 0820;
				ORGANIZATIONNAME = IceCreamWu;
				TargetAttributes = {
					A093BD881EC2F3F20014CE31 = {
						CreatedOnToolsVersion = 8.2.1;
						DevelopmentTeam = UMCLJT4MG5;
						ProvisioningStyle = Automatic;
					};
				};
			};
			buildConfigurationList = A093BD841EC2F3F20014CE31 /* Build configuration list for PBXProject "YLActionContextDemo" */;
			compatibilityVersion = "Xcode 3.2";
			developmentRegion = English;
			hasScannedForEncodings = 0;
			knownRegions = (
				en,
				Base,
			);
			mainGroup = A093BD801EC2F3F20014CE31;
			productRefGroup = A093BD8A1EC2F3F20014CE31 /* Products */;
			projectDirPath = "";
			projectRoot = "";
			targets = (
				A093BD881EC2F3F20014CE31 /* YLActionContextDemo */,
			);
		};
/* End PBXProject section */

/* Begin PBXResourcesBuildPhase section */
		A093BD871EC2F3F20014CE31 /* Resources */ = {
			isa = PBXResourcesBuildPhase;
			buildActionMask = 2147483647;
			files = (
				A093BD9C1EC2F3F20014CE31 /* LaunchScreen.storyboard in Resources */,
				A093BD991EC2F3F20014CE31 /* Assets.xcassets in Resources */,
				A093BD971EC2F3F20014CE31 /* Main.storyboard in Resources */,
			);
			runOnlyForDeploymentPostprocessing = 0;
		};
/* End PBXResourcesBuildPhase section */

/* Begin PBXSourcesBuildPhase section */
		A093BD851EC2F3F20014CE31 /* Sources */ = {
			isa = PBXSourcesBuildPhase;
			buildActionMask = 2147483647;
			files = (
				A093BDB21EC2FE600014CE31 /* YLSubView.m in Sources */,
				A093BDA61EC2F4610014CE31 /* YLActionContext.m in Sources */,
				A093BD911EC2F3F20014CE31 /* AppDelegate.m in Sources */,
				A093BDAC1EC2FBCB0014CE31 /* ViewController.m in Sources */,
				A093BD8E1EC2F3F20014CE31 /* main.m in Sources */,
				A093BDAF1EC2FE550014CE31 /* YLView.m in Sources */,
			);
			runOnlyForDeploymentPostprocessing = 0;
		};
/* End PBXSourcesBuildPhase section */

/* Begin PBXVariantGroup section */
		A093BD951EC2F3F20014CE31 /* Main.storyboard */ = {
			isa = PBXVariantGroup;
			children = (
				A093BD961EC2F3F20014CE31 /* Base */,
			);
			name = Main.storyboard;
			sourceTree = "<group>";
		};
		A093BD9A1EC2F3F20014CE31 /* LaunchScreen.storyboard */ = {
			isa = PBXVariantGroup;
			children = (
				A093BD9B1EC2F3F20014CE31 /* Base */,
			);
			name = LaunchScreen.storyboard;
			sourceTree = "<group>";
		};
/* End PBXVariantGroup section */

/* Begin XCBuildConfiguration section */
		A093BD9E1EC2F3F20014CE31 /* Debug */ = {
			isa = XCBuildConfiguration;
			buildSettings = {
				ALWAYS_SEARCH_USER_PATHS = NO;
				CLANG_ANALYZER_NONNULL = YES;
				CLANG_CXX_LANGUAGE_STANDARD = "gnu++0x";
				CLANG_CXX_LIBRARY = "libc++";
				CLANG_ENABLE_MODULES = YES;
				CLANG_ENABLE_OBJC_ARC = YES;
				CLANG_WARN_BOOL_CONVERSION = YES;
				CLANG_WARN_CONSTANT_CONVERSION = YES;
				CLANG_WARN_DIRECT_OBJC_ISA_USAGE = YES_ERROR;
				CLANG_WARN_DOCUMENTATION_COMMENTS = YES;
				CLANG_WARN_EMPTY_BODY = YES;
				CLANG_WARN_ENUM_CONVERSION = YES;
				CLANG_WARN_INFINITE_RECURSION = YES;
				CLANG_WARN_INT_CONVERSION = YES;
				CLANG_WARN_OBJC_ROOT_CLASS = YES_ERROR;
				CLANG_WARN_SUSPICIOUS_MOVE = YES;
				CLANG_WARN_UNREACHABLE_CODE = YES;
				CLANG_WARN__DUPLICATE_METHOD_MATCH = YES;
				"CODE_SIGN_IDENTITY[sdk=iphoneos*]" = "iPhone Developer";
				COPY_PHASE_STRIP = NO;
				DEBUG_INFORMATION_FORMAT = dwarf;
				ENABLE_STRICT_OBJC_MSGSEND = YES;
				ENABLE_TESTABILITY = YES;
				GCC_C_LANGUAGE_STANDARD = gnu99;
				GCC_DYNAMIC_NO_PIC = NO;
				GCC_NO_COMMON_BLOCKS = YES;
				GCC_OPTIMIZATION_LEVEL = 0;
				GCC_PREPROCESSOR_DEFINITIONS = (
					"DEBUG=1",
					"$(inherited)",
				);
				GCC_WARN_64_TO_32_BIT_CONVERSION = YES;
				GCC_WARN_ABOUT_RETURN_TYPE = YES_ERROR;
				GCC_WARN_UNDECLARED_SELECTOR = YES;
				GCC_WARN_UNINITIALIZED_AUTOS = YES_AGGRESSIVE;
				GCC_WARN_UNUSED_FUNCTION = YES;
				GCC_WARN_UNUSED_VARIABLE = YES;
				IPHONEOS_DEPLOYMENT_TARGET = 10.2;
				MTL_ENABLE_DEBUG_INFO = YES;
				ONLY_ACTIVE_ARCH = YES;
				SDKROOT = iphoneos;
				TARGETED_DEVICE_FAMILY = "1,2";
			};
			name = Debug;
		};
		A093BD9F1EC2F3F20014CE31 /* Release */ = {
			isa = XCBuildConfiguration;
			buildSettings = {
				ALWAYS_SEARCH_USER_PATHS = NO;
				CLANG_ANALYZER_NONNULL = YES;
				CLANG_CXX_LANGUAGE_STANDARD = "gnu++0x";
				CLANG_CXX_LIBRARY = "libc++";
				CLANG_ENABLE_MODULES = YES;
				CLANG_ENABLE_OBJC_ARC = YES;
				CLANG_WARN_BOOL_CONVERSION = YES;
				CLANG_WARN_CONSTANT_CONVERSION = YES;
				CLANG_WARN_DIRECT_OBJC_ISA_USAGE = YES_ERROR;
				CLANG_WARN_DOCUMENTATION_COMMENTS = YES;
				CLANG_WARN_EMPTY_BODY = YES;
				CLANG_WARN_ENUM_CONVERSION = YES;
				CLANG_WARN_INFINITE_RECURSION = YES;
				CLANG_WARN_INT_CONVERSION = YES;
				CLANG_WARN_OBJC_ROOT_CLASS = YES_ERROR;
				CLANG_WARN_SUSPICIOUS_MOVE = YES;
				CLANG_WARN_UNREACHABLE_CODE = YES;
				CLANG_WARN__DUPLICATE_METHOD_MATCH = YES;
				"CODE_SIGN_IDENTITY[sdk=iphoneos*]" = "iPhone Developer";
				COPY_PHASE_STRIP = NO;
				DEBUG_INFORMATION_FORMAT = "dwarf-with-dsym";
				ENABLE_NS_ASSERTIONS = NO;
				ENABLE_STRICT_OBJC_MSGSEND = YES;
				GCC_C_LANGUAGE_STANDARD = gnu99;
				GCC_NO_COMMON_BLOCKS = YES;
				GCC_WARN_64_TO_32_BIT_CONVERSION = YES;
				GCC_WARN_ABOUT_RETURN_TYPE = YES_ERROR;
				GCC_WARN_UNDECLARED_SELECTOR = YES;
				GCC_WARN_UNINITIALIZED_AUTOS = YES_AGGRESSIVE;
				GCC_WARN_UNUSED_FUNCTION = YES;
				GCC_WARN_UNUSED_VARIABLE = YES;
				IPHONEOS_DEPLOYMENT_TARGET = 10.2;
				MTL_ENABLE_DEBUG_INFO = NO;
				SDKROOT = iphoneos;
				TARGETED_DEVICE_FAMILY = "1,2";
				VALIDATE_PRODUCT = YES;
			};
			name = Release;
		};
		A093BDA11EC2F3F20014CE31 /* Debug */ = {
			isa = XCBuildConfiguration;
			buildSettings = {
				ASSETCATALOG_COMPILER_APPICON_NAME = AppIcon;
				DEVELOPMENT_TEAM = UMCLJT4MG5;
				GCC_PREFIX_HEADER = $PROJECT_DIR/$PROJECT_NAME/PrefixHeader.pch;
				INFOPLIST_FILE = YLActionContextDemo/Info.plist;
				LD_RUNPATH_SEARCH_PATHS = "$(inherited) @executable_path/Frameworks";
				PRODUCT_BUNDLE_IDENTIFIER = com.icw.app.YLActionContextDemo;
				PRODUCT_NAME = "$(TARGET_NAME)";
			};
			name = Debug;
		};
		A093BDA21EC2F3F20014CE31 /* Release */ = {
			isa = XCBuildConfiguration;
			buildSettings = {
				ASSETCATALOG_COMPILER_APPICON_NAME = AppIcon;
				DEVELOPMENT_TEAM = UMCLJT4MG5;
				GCC_PREFIX_HEADER = $PROJECT_DIR/$PROJECT_NAME/PrefixHeader.pch;
				INFOPLIST_FILE = YLActionContextDemo/Info.plist;
				LD_RUNPATH_SEARCH_PATHS = "$(inherited) @executable_path/Frameworks";
				PRODUCT_BUNDLE_IDENTIFIER = com.icw.app.YLActionContextDemo;
				PRODUCT_NAME = "$(TARGET_NAME)";
			};
			name = Release;
		};
/* End XCBuildConfiguration section */

/* Begin XCConfigurationList section */
		A093BD841EC2F3F20014CE31 /* Build configuration list for PBXProject "YLActionContextDemo" */ = {
			isa = XCConfigurationList;
			buildConfigurations = (
				A093BD9E1EC2F3F20014CE31 /* Debug */,
				A093BD9F1EC2F3F20014CE31 /* Release */,
			);
			defaultConfigurationIsVisible = 0;
			defaultConfigurationName = Release;
		};
		A093BDA01EC2F3F20014CE31 /* Build configuration list for PBXNativeTarget "YLActionContextDemo" */ = {
			isa = XCConfigurationList;
			buildConfigurations = (
				A093BDA11EC2F3F20014CE31 /* Debug */,
				A093BDA21EC2F3F20014CE31 /* Release */,
			);
			defaultConfigurationIsVisible = 0;
		};
/* End XCConfigurationList section */
	};
	rootObject = A093BD811EC2F3F20014CE31 /* Project object */;
}
